
Microsoft Visual Studio Solution File, Format Version 12.00
# Visual Studio Version 17
VisualStudioVersion = 17.9.34622.214
MinimumVisualStudioVersion = 10.0.40219.1
Project("{9A19103F-16F7-4668-BE54-9A1E7A4F7556}") = "Exercise_4.1.4", "Exercise_4.1.4\Exercise_4.1.4.csproj", "{2D217A93-B2CB-434A-8A62-39FA92BF5821}"
EndProject
Project("{9A19103F-16F7-4668-BE54-9A1E7A4F7556}") = "Exercise_4.1.5", "Exercise_4.1.5\Exercise_4.1.5.csproj", "{8DF164DA-7BB1-4C18-90D4-44AD7123C064}"
EndProject
Project("{9A19103F-16F7-4668-BE54-9A1E7A4F7556}") = "Exercise_4.1.10", "Exercise_4.1.10\Exercise_4.1.10.csproj", "{1B2ADAF1-F868-4B48-8C7A-2C5F6E2699F4}"
EndProject
Project("{9A19103F-16F7-4668-BE54-9A1E7A4F7556}") = "Exercise_4.1.11", "Exercise_4.1.11\Exercise_4.1.11.csproj", "{0043A94B-3274-4E6A-A55F-F2AED204456C}"
EndProject
Project("{9A19103F-16F7-4668-BE54-9A1E7A4F7556}") = "Exercise_4.1.12", "Exercise_4.1.12\Exercise_4.1.12.csproj", "{A1CC3CB1-A7D4-4743-93D5-D879ADC9DE31}"
EndProject
Project("{9A19103F-16F7-4668-BE54-9A1E7A4F7556}") = "Exercise_4.1.15", "Exercise_4.1.15\Exercise_4.1.15.csproj", "{2E45238B-2D84-4BED-9287-FA17828CB90A}"
EndProject
Project("{9A19103F-16F7-4668-BE54-9A1E7A4F7556}") = "Exercise_4.1.17", "Exercise_4.1.17\Exercise_4.1.17.csproj", "{E3F54E8C-3F6B-4C3A-93E5-197D4E28625E}"
EndProject
Project("{9A19103F-16F7-4668-BE54-9A1E7A4F7556}") = "Exercise_4.1.18", "Exercise_4.1.18\Exercise_4.1.18.csproj", "{F417205A-AAD1-4FF7-867F-AFDD20C9480A}"
EndProject
Project("{9A19103F-16F7-4668-BE54-9A1E7A4F7556}") = "Exercise_4.2.11", "Exercise_4.2.11\Exercise_4.2.11.csproj", "{074EE845-D670-4022-9AE0-71425DED33E6}"
EndProject
Project("{FAE04EC0-301F-11D3-BF4B-00C04F79EFBC}") = "Exercise_4.3.5", "Exercise_4.3.5\Exercise_4.3.5.csproj", "{A213B541-9581-4974-AD11-BFCDB3598C00}"
EndProject
Project("{FAE04EC0-301F-11D3-BF4B-00C04F79EFBC}") = "Exercise_4.3.7", "Exercise_4.3.7\Exercise_4.3.7.csproj", "{56176BB9-B777-4560-A36D-CECE22C42810}"
EndProject
Project("{FAE04EC0-301F-11D3-BF4B-00C04F79EFBC}") = "Exercise_4.3.9", "Exercise_4.3.9\Exercise_4.3.9.csproj", "{2D8C94CC-247D-4E66-9CAB-B629F59C5F82}"
EndProject
Global
	GlobalSection(SolutionConfigurationPlatforms) = preSolution
		Debug|Any CPU = Debug|Any CPU
		Release|Any CPU = Release|Any CPU
	EndGlobalSection
	GlobalSection(ProjectConfigurationPlatforms) = postSolution
		{2D217A93-B2CB-434A-8A62-39FA92BF5821}.Debug|Any CPU.ActiveCfg = Debug|Any CPU
		{2D217A93-B2CB-434A-8A62-39FA92BF5821}.Debug|Any CPU.Build.0 = Debug|Any CPU
		{2D217A93-B2CB-434A-8A62-39FA92BF5821}.Release|Any CPU.ActiveCfg = Release|Any CPU
		{2D217A93-B2CB-434A-8A62-39FA92BF5821}.Release|Any CPU.Build.0 = Release|Any CPU
		{8DF164DA-7BB1-4C18-90D4-44AD7123C064}.Debug|Any CPU.ActiveCfg = Debug|Any CPU
		{8DF164DA-7BB1-4C18-90D4-44AD7123C064}.Debug|Any CPU.Build.0 = Debug|Any CPU
		{8DF164DA-7BB1-4C18-90D4-44AD7123C064}.Release|Any CPU.ActiveCfg = Release|Any CPU
		{8DF164DA-7BB1-4C18-90D4-44AD7123C064}.Release|Any CPU.Build.0 = Release|Any CPU
		{1B2ADAF1-F868-4B48-8C7A-2C5F6E2699F4}.Debug|Any CPU.ActiveCfg = Debug|Any CPU
		{1B2ADAF1-F868-4B48-8C7A-2C5F6E2699F4}.Debug|Any CPU.Build.0 = Debug|Any CPU
		{1B2ADAF1-F868-4B48-8C7A-2C5F6E2699F4}.Release|Any CPU.ActiveCfg = Release|Any CPU
		{1B2ADAF1-F868-4B48-8C7A-2C5F6E2699F4}.Release|Any CPU.Build.0 = Release|Any CPU
		{0043A94B-3274-4E6A-A55F-F2AED204456C}.Debug|Any CPU.ActiveCfg = Debug|Any CPU
		{0043A94B-3274-4E6A-A55F-F2AED204456C}.Debug|Any CPU.Build.0 = Debug|Any CPU
		{0043A94B-3274-4E6A-A55F-F2AED204456C}.Release|Any CPU.ActiveCfg = Release|Any CPU
		{0043A94B-3274-4E6A-A55F-F2AED204456C}.Release|Any CPU.Build.0 = Release|Any CPU
		{A1CC3CB1-A7D4-4743-93D5-D879ADC9DE31}.Debug|Any CPU.ActiveCfg = Debug|Any CPU
		{A1CC3CB1-A7D4-4743-93D5-D879ADC9DE31}.Debug|Any CPU.Build.0 = Debug|Any CPU
		{A1CC3CB1-A7D4-4743-93D5-D879ADC9DE31}.Release|Any CPU.ActiveCfg = Release|Any CPU
		{A1CC3CB1-A7D4-4743-93D5-D879ADC9DE31}.Release|Any CPU.Build.0 = Release|Any CPU
		{2E45238B-2D84-4BED-9287-FA17828CB90A}.Debug|Any CPU.ActiveCfg = Debug|Any CPU
		{2E45238B-2D84-4BED-9287-FA17828CB90A}.Debug|Any CPU.Build.0 = Debug|Any CPU
		{2E45238B-2D84-4BED-9287-FA17828CB90A}.Release|Any CPU.ActiveCfg = Release|Any CPU
		{2E45238B-2D84-4BED-9287-FA17828CB90A}.Release|Any CPU.Build.0 = Release|Any CPU
		{E3F54E8C-3F6B-4C3A-93E5-197D4E28625E}.Debug|Any CPU.ActiveCfg = Debug|Any CPU
		{E3F54E8C-3F6B-4C3A-93E5-197D4E28625E}.Debug|Any CPU.Build.0 = Debug|Any CPU
		{E3F54E8C-3F6B-4C3A-93E5-197D4E28625E}.Release|Any CPU.ActiveCfg = Release|Any CPU
		{E3F54E8C-3F6B-4C3A-93E5-197D4E28625E}.Release|Any CPU.Build.0 = Release|Any CPU
		{F417205A-AAD1-4FF7-867F-AFDD20C9480A}.Debug|Any CPU.ActiveCfg = Debug|Any CPU
		{F417205A-AAD1-4FF7-867F-AFDD20C9480A}.Debug|Any CPU.Build.0 = Debug|Any CPU
		{F417205A-AAD1-4FF7-867F-AFDD20C9480A}.Release|Any CPU.ActiveCfg = Release|Any CPU
		{F417205A-AAD1-4FF7-867F-AFDD20C9480A}.Release|Any CPU.Build.0 = Release|Any CPU
		{074EE845-D670-4022-9AE0-71425DED33E6}.Debug|Any CPU.ActiveCfg = Debug|Any CPU
		{074EE845-D670-4022-9AE0-71425DED33E6}.Debug|Any CPU.Build.0 = Debug|Any CPU
		{074EE845-D670-4022-9AE0-71425DED33E6}.Release|Any CPU.ActiveCfg = Release|Any CPU
		{074EE845-D670-4022-9AE0-71425DED33E6}.Release|Any CPU.Build.0 = Release|Any CPU
		{A213B541-9581-4974-AD11-BFCDB3598C00}.Debug|Any CPU.ActiveCfg = Debug|Any CPU
		{A213B541-9581-4974-AD11-BFCDB3598C00}.Debug|Any CPU.Build.0 = Debug|Any CPU
		{A213B541-9581-4974-AD11-BFCDB3598C00}.Release|Any CPU.ActiveCfg = Release|Any CPU
		{A213B541-9581-4974-AD11-BFCDB3598C00}.Release|Any CPU.Build.0 = Release|Any CPU
		{56176BB9-B777-4560-A36D-CECE22C42810}.Debug|Any CPU.ActiveCfg = Debug|Any CPU
		{56176BB9-B777-4560-A36D-CECE22C42810}.Debug|Any CPU.Build.0 = Debug|Any CPU
		{56176BB9-B777-4560-A36D-CECE22C42810}.Release|Any CPU.ActiveCfg = Release|Any CPU
		{56176BB9-B777-4560-A36D-CECE22C42810}.Release|Any CPU.Build.0 = Release|Any CPU
		{2D8C94CC-247D-4E66-9CAB-B629F59C5F82}.Debug|Any CPU.ActiveCfg = Debug|Any CPU
		{2D8C94CC-247D-4E66-9CAB-B629F59C5F82}.Debug|Any CPU.Build.0 = Debug|Any CPU
		{2D8C94CC-247D-4E66-9CAB-B629F59C5F82}.Release|Any CPU.ActiveCfg = Release|Any CPU
		{2D8C94CC-247D-4E66-9CAB-B629F59C5F82}.Release|Any CPU.Build.0 = Release|Any CPU
	EndGlobalSection
	GlobalSection(SolutionProperties) = preSolution
		HideSolutionNode = FALSE
	EndGlobalSection
	GlobalSection(ExtensibilityGlobals) = postSolution
		SolutionGuid = {7EA97D73-5F05-43F6-833E-01055C647897}
	EndGlobalSection
EndGlobal
